
Microsoft Visual Studio Solution File, Format Version 12.00
# Visual Studio Version 17
VisualStudioVersion = 17.9.34607.119
MinimumVisualStudioVersion = 10.0.40219.1
Project("{9A19103F-16F7-4668-BE54-9A1E7A4F7556}") = "MagicNumber", "MagicNumber.csproj", "{1DD0DF88-1984-4178-AAD3-1C4599BD76DD}"
EndProject
Global
	GlobalSection(SolutionConfigurationPlatforms) = preSolution
		Debug|Any CPU = Debug|Any CPU
		Release|Any CPU = Release|Any CPU
	EndGlobalSection
	GlobalSection(ProjectConfigurationPlatforms) = postSolution
		{1DD0DF88-1984-4178-AAD3-1C4599BD76DD}.Debug|Any CPU.ActiveCfg = Debug|Any CPU
		{1DD0DF88-1984-4178-AAD3-1C4599BD76DD}.Debug|Any CPU.Build.0 = Debug|Any CPU
		{1DD0DF88-1984-4178-AAD3-1C4599BD76DD}.Release|Any CPU.ActiveCfg = Release|Any CPU
		{1DD0DF88-1984-4178-AAD3-1C4599BD76DD}.Release|Any CPU.Build.0 = Release|Any CPU
	EndGlobalSection
	GlobalSection(SolutionProperties) = preSolution
		HideSolutionNode = FALSE
	EndGlobalSection
	GlobalSection(ExtensibilityGlobals) = postSolution
		SolutionGuid = {B4F0397E-2193-4480-9EBB-AED000461DF6}
	EndGlobalSection
EndGlobal
